
Microsoft Visual Studio Solution File, Format Version 11.00
# Visual Studio 2010
# SharpDevelop 5.1
Project("{FAE04EC0-301F-11D3-BF4B-00C04F79EFBC}") = "Comunicacao_C#_Arduino", "Comunicacao_C#_Arduino\Comunicacao_C#_Arduino.csproj", "{967E9EBD-9A0C-4ADA-B76B-C70568BC976F}"
EndProject
Global
	GlobalSection(SolutionConfigurationPlatforms) = preSolution
		Debug|Any CPU = Debug|Any CPU
		Release|Any CPU = Release|Any CPU
	EndGlobalSection
	GlobalSection(ProjectConfigurationPlatforms) = postSolution
		{967E9EBD-9A0C-4ADA-B76B-C70568BC976F}.Debug|Any CPU.ActiveCfg = Debug|Any CPU
		{967E9EBD-9A0C-4ADA-B76B-C70568BC976F}.Debug|Any CPU.Build.0 = Debug|Any CPU
		{967E9EBD-9A0C-4ADA-B76B-C70568BC976F}.Release|Any CPU.ActiveCfg = Release|Any CPU
		{967E9EBD-9A0C-4ADA-B76B-C70568BC976F}.Release|Any CPU.Build.0 = Release|Any CPU
	EndGlobalSection
EndGlobal
